// !$*UTF8*$!
{
	archiveVersion = 1;
	classes = {
	};
	objectVersion = 77;
	objects = {

/* Begin PBXBuildFile section */
		3697B6E2666AE8498EB3E591 /* WispLocalDemoApp.swift in Sources */ = {isa = PBXBuildFile; fileRef = 30E0CCD869CA5075D684599D /* WispLocalDemoApp.swift */; };
		47CF52B1B7B206E248B0620A /* WispCore in Frameworks */ = {isa = PBXBuildFile; productRef = 409B91243F1AC889A883A446 /* WispCore */; };
		58F0E4D8706A76F2702DAB94 /* ConnectionDashboardView.swift in Sources */ = {isa = PBXBuildFile; fileRef = 623D5FC4E448DABBA077E5CC /* ConnectionDashboardView.swift */; };
		BDEB9DDD8F802D9DF40D609F /* WispUI in Frameworks */ = {isa = PBXBuildFile; productRef = 1A94BC5DD50C2229FFE0C439 /* WispUI */; };
/* End PBXBuildFile section */

/* Begin PBXFileReference section */
		2E15A04531D834E442AEB0DA /* wisp-core */ = {isa = PBXFileReference; lastKnownFileType = folder; name = "wisp-core"; path = ../..; sourceTree = SOURCE_ROOT; };
		30E0CCD869CA5075D684599D /* WispLocalDemoApp.swift */ = {isa = PBXFileReference; lastKnownFileType = sourcecode.swift; path = WispLocalDemoApp.swift; sourceTree = "<group>"; };
		623D5FC4E448DABBA077E5CC /* ConnectionDashboardView.swift */ = {isa = PBXFileReference; lastKnownFileType = sourcecode.swift; path = ConnectionDashboardView.swift; sourceTree = "<group>"; };
		E78F648DBAA0C26AF480E8B4 /* WispLocalDemo.app */ = {isa = PBXFileReference; includeInIndex = 0; lastKnownFileType = wrapper.application; path = WispLocalDemo.app; sourceTree = BUILT_PRODUCTS_DIR; };
/* End PBXFileReference section */

/* Begin PBXFrameworksBuildPhase section */
		6DE6F0AD8E298AC535B63664 /* Frameworks */ = {
			isa = PBXFrameworksBuildPhase;
			buildActionMask = 2147483647;
			files = (
				47CF52B1B7B206E248B0620A /* WispCore in Frameworks */,
				BDEB9DDD8F802D9DF40D609F /* WispUI in Frameworks */,
			);
			runOnlyForDeploymentPostprocessing = 0;
		};
/* End PBXFrameworksBuildPhase section */

/* Begin PBXGroup section */
		15CF07C08C47769306D851AC /* Packages */ = {
			isa = PBXGroup;
			children = (
				2E15A04531D834E442AEB0DA /* wisp-core */,
			);
			name = Packages;
			sourceTree = "<group>";
		};
		6E316B28FBF13B1D068179DA = {
			isa = PBXGroup;
			children = (
				15CF07C08C47769306D851AC /* Packages */,
				8D8998522CEC373BB09BBE31 /* WispLocalDemo */,
				D0EA3CA0F0BD7B86A8BBBABE /* Products */,
			);
			sourceTree = "<group>";
		};
		8D8998522CEC373BB09BBE31 /* WispLocalDemo */ = {
			isa = PBXGroup;
			children = (
				623D5FC4E448DABBA077E5CC /* ConnectionDashboardView.swift */,
				30E0CCD869CA5075D684599D /* WispLocalDemoApp.swift */,
			);
			path = WispLocalDemo;
			sourceTree = "<group>";
		};
		D0EA3CA0F0BD7B86A8BBBABE /* Products */ = {
			isa = PBXGroup;
			children = (
				E78F648DBAA0C26AF480E8B4 /* WispLocalDemo.app */,
			);
			name = Products;
			sourceTree = "<group>";
		};
/* End PBXGroup section */

/* Begin PBXNativeTarget section */
		D964CD018904B8300CD9100D /* WispLocalDemo */ = {
			isa = PBXNativeTarget;
			buildConfigurationList = ECCFC7E261FA65FA121F125B /* Build configuration list for PBXNativeTarget "WispLocalDemo" */;
			buildPhases = (
				64904413AFF7987878A2FA13 /* Sources */,
				6DE6F0AD8E298AC535B63664 /* Frameworks */,
			);
			buildRules = (
			);
			dependencies = (
			);
			name = WispLocalDemo;
			packageProductDependencies = (
				409B91243F1AC889A883A446 /* WispCore */,
				1A94BC5DD50C2229FFE0C439 /* WispUI */,
			);
			productName = WispLocalDemo;
			productReference = E78F648DBAA0C26AF480E8B4 /* WispLocalDemo.app */;
			productType = "com.apple.product-type.application";
		};
/* End PBXNativeTarget section */

/* Begin PBXProject section */
		071FF0B96AE2EBA4614BD47E /* Project object */ = {
			isa = PBXProject;
			attributes = {
				BuildIndependentTargetsInParallel = YES;
				LastUpgradeCheck = 1430;
				TargetAttributes = {
					D964CD018904B8300CD9100D = {
						ProvisioningStyle = Automatic;
					};
				};
			};
			buildConfigurationList = D5874EE51D9E6A55C97CFE83 /* Build configuration list for PBXProject "WispLocalDemo" */;
			developmentRegion = en;
			hasScannedForEncodings = 0;
			knownRegions = (
				Base,
				en,
			);
			mainGroup = 6E316B28FBF13B1D068179DA;
			minimizedProjectReferenceProxies = 1;
			packageReferences = (
				AB025BB7A95C665DF805D9A0 /* XCLocalSwiftPackageReference "../.." */,
			);
			preferredProjectObjectVersion = 77;
			productRefGroup = D0EA3CA0F0BD7B86A8BBBABE /* Products */;
			projectDirPath = "";
			projectRoot = "";
			targets = (
				D964CD018904B8300CD9100D /* WispLocalDemo */,
			);
		};
/* End PBXProject section */

/* Begin PBXSourcesBuildPhase section */
		64904413AFF7987878A2FA13 /* Sources */ = {
			isa = PBXSourcesBuildPhase;
			buildActionMask = 2147483647;
			files = (
				58F0E4D8706A76F2702DAB94 /* ConnectionDashboardView.swift in Sources */,
				3697B6E2666AE8498EB3E591 /* WispLocalDemoApp.swift in Sources */,
			);
			runOnlyForDeploymentPostprocessing = 0;
		};
/* End PBXSourcesBuildPhase section */

/* Begin XCBuildConfiguration section */
		214CC33EE073E08AA3D7301F /* Debug */ = {
			isa = XCBuildConfiguration;
			buildSettings = {
				ALWAYS_SEARCH_USER_PATHS = NO;
				CLANG_ANALYZER_NONNULL = YES;
				CLANG_ANALYZER_NUMBER_OBJECT_CONVERSION = YES_AGGRESSIVE;
				CLANG_CXX_LANGUAGE_STANDARD = "gnu++14";
				CLANG_CXX_LIBRARY = "libc++";
				CLANG_ENABLE_MODULES = YES;
				CLANG_ENABLE_OBJC_ARC = YES;
				CLANG_ENABLE_OBJC_WEAK = YES;
				CLANG_WARN_BLOCK_CAPTURE_AUTORELEASING = YES;
				CLANG_WARN_BOOL_CONVERSION = YES;
				CLANG_WARN_COMMA = YES;
				CLANG_WARN_CONSTANT_CONVERSION = YES;
				CLANG_WARN_DEPRECATED_OBJC_IMPLEMENTATIONS = YES;
				CLANG_WARN_DIRECT_OBJC_ISA_USAGE = YES_ERROR;
				CLANG_WARN_DOCUMENTATION_COMMENTS = YES;
				CLANG_WARN_EMPTY_BODY = YES;
				CLANG_WARN_ENUM_CONVERSION = YES;
				CLANG_WARN_INFINITE_RECURSION = YES;
				CLANG_WARN_INT_CONVERSION = YES;
				CLANG_WARN_NON_LITERAL_NULL_CONVERSION = YES;
				CLANG_WARN_OBJC_IMPLICIT_RETAIN_SELF = YES;
				CLANG_WARN_OBJC_LITERAL_CONVERSION = YES;
				CLANG_WARN_OBJC_ROOT_CLASS = YES_ERROR;
				CLANG_WARN_QUOTED_INCLUDE_IN_FRAMEWORK_HEADER = YES;
				CLANG_WARN_RANGE_LOOP_ANALYSIS = YES;
				CLANG_WARN_STRICT_PROTOTYPES = YES;
				CLANG_WARN_SUSPICIOUS_MOVE = YES;
				CLANG_WARN_UNGUARDED_AVAILABILITY = YES_AGGRESSIVE;
				CLANG_WARN_UNREACHABLE_CODE = YES;
				CLANG_WARN__DUPLICATE_METHOD_MATCH = YES;
				COPY_PHASE_STRIP = NO;
				CURRENT_PROJECT_VERSION = 1;
				DEBUG_INFORMATION_FORMAT = dwarf;
				ENABLE_STRICT_OBJC_MSGSEND = YES;
				ENABLE_TESTABILITY = YES;
				ENABLE_USER_SCRIPT_SANDBOXING = YES;
				GCC_C_LANGUAGE_STANDARD = gnu11;
				GCC_DYNAMIC_NO_PIC = NO;
				GCC_NO_COMMON_BLOCKS = YES;
				GCC_OPTIMIZATION_LEVEL = 0;
				GCC_PREPROCESSOR_DEFINITIONS = (
					"$(inherited)",
					"DEBUG=1",
				);
				GCC_WARN_64_TO_32_BIT_CONVERSION = YES;
				GCC_WARN_ABOUT_RETURN_TYPE = YES_ERROR;
				GCC_WARN_UNDECLARED_SELECTOR = YES;
				GCC_WARN_UNINITIALIZED_AUTOS = YES_AGGRESSIVE;
				GCC_WARN_UNUSED_FUNCTION = YES;
				GCC_WARN_UNUSED_VARIABLE = YES;
				IPHONEOS_DEPLOYMENT_TARGET = 17.0;
				MARKETING_VERSION = 0.1.0;
				MTL_ENABLE_DEBUG_INFO = INCLUDE_SOURCE;
				MTL_FAST_MATH = YES;
				ONLY_ACTIVE_ARCH = YES;
				PRODUCT_NAME = "$(TARGET_NAME)";
				SDKROOT = iphoneos;
				SWIFT_ACTIVE_COMPILATION_CONDITIONS = DEBUG;
				SWIFT_OPTIMIZATION_LEVEL = "-Onone";
				SWIFT_VERSION = 6.0;
			};
			name = Debug;
		};
		62BE911A9C8F895D5DF2C3B0 /* Release */ = {
			isa = XCBuildConfiguration;
			buildSettings = {
				ASSETCATALOG_COMPILER_APPICON_NAME = AppIcon;
				CODE_SIGN_IDENTITY = "iPhone Developer";
				CODE_SIGN_STYLE = Automatic;
				INFOPLIST_FILE = WispLocalDemo/Info.plist;
				LD_RUNPATH_SEARCH_PATHS = (
					"$(inherited)",
					"@executable_path/Frameworks",
				);
				PRODUCT_BUNDLE_IDENTIFIER = dev.wisp.localdemo;
				PRODUCT_MODULE_NAME = WispLocalDemo;
				PRODUCT_NAME = "Wisp Local";
				SDKROOT = iphoneos;
				TARGETED_DEVICE_FAMILY = "1,2";
			};
			name = Release;
		};
		BD77BE393172F94F03312D86 /* Debug */ = {
			isa = XCBuildConfiguration;
			buildSettings = {
				ASSETCATALOG_COMPILER_APPICON_NAME = AppIcon;
				CODE_SIGN_IDENTITY = "iPhone Developer";
				CODE_SIGN_STYLE = Automatic;
				INFOPLIST_FILE = WispLocalDemo/Info.plist;
				LD_RUNPATH_SEARCH_PATHS = (
					"$(inherited)",
					"@executable_path/Frameworks",
				);
				PRODUCT_BUNDLE_IDENTIFIER = dev.wisp.localdemo;
				PRODUCT_MODULE_NAME = WispLocalDemo;
				PRODUCT_NAME = "Wisp Local";
				SDKROOT = iphoneos;
				TARGETED_DEVICE_FAMILY = "1,2";
			};
			name = Debug;
		};
		F1D3B4BA8AD582C5E7045ADD /* Release */ = {
			isa = XCBuildConfiguration;
			buildSettings = {
				ALWAYS_SEARCH_USER_PATHS = NO;
				CLANG_ANALYZER_NONNULL = YES;
				CLANG_ANALYZER_NUMBER_OBJECT_CONVERSION = YES_AGGRESSIVE;
				CLANG_CXX_LANGUAGE_STANDARD = "gnu++14";
				CLANG_CXX_LIBRARY = "libc++";
				CLANG_ENABLE_MODULES = YES;
				CLANG_ENABLE_OBJC_ARC = YES;
				CLANG_ENABLE_OBJC_WEAK = YES;
				CLANG_WARN_BLOCK_CAPTURE_AUTORELEASING = YES;
				CLANG_WARN_BOOL_CONVERSION = YES;
				CLANG_WARN_COMMA = YES;
				CLANG_WARN_CONSTANT_CONVERSION = YES;
				CLANG_WARN_DEPRECATED_OBJC_IMPLEMENTATIONS = YES;
				CLANG_WARN_DIRECT_OBJC_ISA_USAGE = YES_ERROR;
				CLANG_WARN_DOCUMENTATION_COMMENTS = YES;
				CLANG_WARN_EMPTY_BODY = YES;
				CLANG_WARN_ENUM_CONVERSION = YES;
				CLANG_WARN_INFINITE_RECURSION = YES;
				CLANG_WARN_INT_CONVERSION = YES;
				CLANG_WARN_NON_LITERAL_NULL_CONVERSION = YES;
				CLANG_WARN_OBJC_IMPLICIT_RETAIN_SELF = YES;
				CLANG_WARN_OBJC_LITERAL_CONVERSION = YES;
				CLANG_WARN_OBJC_ROOT_CLASS = YES_ERROR;
				CLANG_WARN_QUOTED_INCLUDE_IN_FRAMEWORK_HEADER = YES;
				CLANG_WARN_RANGE_LOOP_ANALYSIS = YES;
				CLANG_WARN_STRICT_PROTOTYPES = YES;
				CLANG_WARN_SUSPICIOUS_MOVE = YES;
				CLANG_WARN_UNGUARDED_AVAILABILITY = YES_AGGRESSIVE;
				CLANG_WARN_UNREACHABLE_CODE = YES;
				CLANG_WARN__DUPLICATE_METHOD_MATCH = YES;
				COPY_PHASE_STRIP = NO;
				CURRENT_PROJECT_VERSION = 1;
				DEBUG_INFORMATION_FORMAT = "dwarf-with-dsym";
				ENABLE_NS_ASSERTIONS = NO;
				ENABLE_STRICT_OBJC_MSGSEND = YES;
				ENABLE_USER_SCRIPT_SANDBOXING = YES;
				GCC_C_LANGUAGE_STANDARD = gnu11;
				GCC_NO_COMMON_BLOCKS = YES;
				GCC_WARN_64_TO_32_BIT_CONVERSION = YES;
				GCC_WARN_ABOUT_RETURN_TYPE = YES_ERROR;
				GCC_WARN_UNDECLARED_SELECTOR = YES;
				GCC_WARN_UNINITIALIZED_AUTOS = YES_AGGRESSIVE;
				GCC_WARN_UNUSED_FUNCTION = YES;
				GCC_WARN_UNUSED_VARIABLE = YES;
				IPHONEOS_DEPLOYMENT_TARGET = 17.0;
				MARKETING_VERSION = 0.1.0;
				MTL_ENABLE_DEBUG_INFO = NO;
				MTL_FAST_MATH = YES;
				PRODUCT_NAME = "$(TARGET_NAME)";
				SDKROOT = iphoneos;
				SWIFT_COMPILATION_MODE = wholemodule;
				SWIFT_OPTIMIZATION_LEVEL = "-O";
				SWIFT_VERSION = 6.0;
			};
			name = Release;
		};
/* End XCBuildConfiguration section */

/* Begin XCConfigurationList section */
		D5874EE51D9E6A55C97CFE83 /* Build configuration list for PBXProject "WispLocalDemo" */ = {
			isa = XCConfigurationList;
			buildConfigurations = (
				214CC33EE073E08AA3D7301F /* Debug */,
				F1D3B4BA8AD582C5E7045ADD /* Release */,
			);
			defaultConfigurationIsVisible = 0;
			defaultConfigurationName = Debug;
		};
		ECCFC7E261FA65FA121F125B /* Build configuration list for PBXNativeTarget "WispLocalDemo" */ = {
			isa = XCConfigurationList;
			buildConfigurations = (
				BD77BE393172F94F03312D86 /* Debug */,
				62BE911A9C8F895D5DF2C3B0 /* Release */,
			);
			defaultConfigurationIsVisible = 0;
			defaultConfigurationName = Debug;
		};
/* End XCConfigurationList section */

/* Begin XCLocalSwiftPackageReference section */
		AB025BB7A95C665DF805D9A0 /* XCLocalSwiftPackageReference "../.." */ = {
			isa = XCLocalSwiftPackageReference;
			relativePath = ../..;
		};
/* End XCLocalSwiftPackageReference section */

/* Begin XCSwiftPackageProductDependency section */
		1A94BC5DD50C2229FFE0C439 /* WispUI */ = {
			isa = XCSwiftPackageProductDependency;
			productName = WispUI;
		};
		409B91243F1AC889A883A446 /* WispCore */ = {
			isa = XCSwiftPackageProductDependency;
			productName = WispCore;
		};
/* End XCSwiftPackageProductDependency section */
	};
	rootObject = 071FF0B96AE2EBA4614BD47E /* Project object */;
}
